
Microsoft Visual Studio Solution File, Format Version 12.00
# Visual Studio Version 16
VisualStudioVersion = 16.0.32002.261
MinimumVisualStudioVersion = 10.0.40219.1
Project("{FAE04EC0-301F-11D3-BF4B-00C04F79EFBC}") = "MessageHandlerPOC", "MessageHandlerPOC\MessageHandlerPOC.csproj", "{51E08610-5E43-4DAB-8B66-E5A6EF02B18B}"
EndProject
Global
	GlobalSection(SolutionConfigurationPlatforms) = preSolution
		Debug|Any CPU = Debug|Any CPU
		Release|Any CPU = Release|Any CPU
	EndGlobalSection
	GlobalSection(ProjectConfigurationPlatforms) = postSolution
		{51E08610-5E43-4DAB-8B66-E5A6EF02B18B}.Debug|Any CPU.ActiveCfg = Debug|Any CPU
		{51E08610-5E43-4DAB-8B66-E5A6EF02B18B}.Debug|Any CPU.Build.0 = Debug|Any CPU
		{51E08610-5E43-4DAB-8B66-E5A6EF02B18B}.Release|Any CPU.ActiveCfg = Release|Any CPU
		{51E08610-5E43-4DAB-8B66-E5A6EF02B18B}.Release|Any CPU.Build.0 = Release|Any CPU
	EndGlobalSection
	GlobalSection(SolutionProperties) = preSolution
		HideSolutionNode = FALSE
	EndGlobalSection
	GlobalSection(ExtensibilityGlobals) = postSolution
		SolutionGuid = {98122C17-17E2-4AEF-8D69-A0025C44A6C8}
	EndGlobalSection
EndGlobal
